Microsoft Visual Studio Solution File, Format Version 12.00
# Visual Studio 15
VisualStudioVersion = 15.0.27130.2026
MinimumVisualStudioVersion = 10.0.40219.1
Project("{FAE04EC0-301F-11D3-BF4B-00C04F79EFBC}") = "testEto", "testEto\testEto.csproj", "{AA13D6C7-A2F5-485E-AEAD-E704BC88B965}"
EndProject
Project("{FAE04EC0-301F-11D3-BF4B-00C04F79EFBC}") = "testEto.Desktop", "testEto.Desktop\testEto.Desktop.csproj", "{9CD88124-A61A-4246-818B-F9294CA2866C}"
EndProject
Global
	GlobalSection(SolutionConfigurationPlatforms) = preSolution
		Debug|Any CPU = Debug|Any CPU
		Release|Any CPU = Release|Any CPU
	EndGlobalSection
	GlobalSection(ProjectConfigurationPlatforms) = postSolution
		{AA13D6C7-A2F5-485E-AEAD-E704BC88B965}.Debug|Any CPU.ActiveCfg = Debug|Any CPU
		{AA13D6C7-A2F5-485E-AEAD-E704BC88B965}.Debug|Any CPU.Build.0 = Debug|Any CPU
		{AA13D6C7-A2F5-485E-AEAD-E704BC88B965}.Release|Any CPU.ActiveCfg = Release|Any CPU
		{AA13D6C7-A2F5-485E-AEAD-E704BC88B965}.Release|Any CPU.Build.0 = Release|Any CPU
		{9CD88124-A61A-4246-818B-F9294CA2866C}.Debug|Any CPU.ActiveCfg = Debug|Any CPU
		{9CD88124-A61A-4246-818B-F9294CA2866C}.Debug|Any CPU.Build.0 = Debug|Any CPU
		{9CD88124-A61A-4246-818B-F9294CA2866C}.Release|Any CPU.ActiveCfg = Release|Any CPU
		{9CD88124-A61A-4246-818B-F9294CA2866C}.Release|Any CPU.Build.0 = Release|Any CPU
		{03E761FE-D90F-442B-A87D-36D632593274}.Debug|Any CPU.ActiveCfg = Debug|Any CPU
		{03E761FE-D90F-442B-A87D-36D632593274}.Debug|Any CPU.Build.0 = Debug|Any CPU
		{03E761FE-D90F-442B-A87D-36D632593274}.Release|Any CPU.ActiveCfg = Release|Any CPU
		{03E761FE-D90F-442B-A87D-36D632593274}.Release|Any CPU.Build.0 = Release|Any CPU
	EndGlobalSection
	GlobalSection(SolutionProperties) = preSolution
		HideSolutionNode = FALSE
	EndGlobalSection
	GlobalSection(ExtensibilityGlobals) = postSolution
		SolutionGuid = {47857121-F23B-4FD1-B3FD-23A0B03BB92D}
	EndGlobalSection
EndGlobal
